
Microsoft Visual Studio Solution File, Format Version 12.00
# Visual Studio Version 16
VisualStudioVersion = 16.0.31019.35
MinimumVisualStudioVersion = 10.0.40219.1
Project("{FAE04EC0-301F-11D3-BF4B-00C04F79EFBC}") = "ProductLibrary", "ProductLibrary\ProductLibrary.csproj", "{1889B2A5-FD95-4778-B425-83BFC8D773F1}"
EndProject
Project("{FAE04EC0-301F-11D3-BF4B-00C04F79EFBC}") = "ProductStore", "ProductStore\ProductStore.csproj", "{B1308A2B-93EA-4E76-91BF-A002A8B0F780}"
EndProject
Global
	GlobalSection(SolutionConfigurationPlatforms) = preSolution
		Debug|Any CPU = Debug|Any CPU
		Release|Any CPU = Release|Any CPU
	EndGlobalSection
	GlobalSection(ProjectConfigurationPlatforms) = postSolution
		{1889B2A5-FD95-4778-B425-83BFC8D773F1}.Debug|Any CPU.ActiveCfg = Debug|Any CPU
		{1889B2A5-FD95-4778-B425-83BFC8D773F1}.Debug|Any CPU.Build.0 = Debug|Any CPU
		{1889B2A5-FD95-4778-B425-83BFC8D773F1}.Release|Any CPU.ActiveCfg = Release|Any CPU
		{1889B2A5-FD95-4778-B425-83BFC8D773F1}.Release|Any CPU.Build.0 = Release|Any CPU
		{B1308A2B-93EA-4E76-91BF-A002A8B0F780}.Debug|Any CPU.ActiveCfg = Debug|Any CPU
		{B1308A2B-93EA-4E76-91BF-A002A8B0F780}.Debug|Any CPU.Build.0 = Debug|Any CPU
		{B1308A2B-93EA-4E76-91BF-A002A8B0F780}.Release|Any CPU.ActiveCfg = Release|Any CPU
		{B1308A2B-93EA-4E76-91BF-A002A8B0F780}.Release|Any CPU.Build.0 = Release|Any CPU
	EndGlobalSection
	GlobalSection(SolutionProperties) = preSolution
		HideSolutionNode = FALSE
	EndGlobalSection
	GlobalSection(ExtensibilityGlobals) = postSolution
		SolutionGuid = {1B903D39-1FFE-4BE0-B489-4F90507DD251}
	EndGlobalSection
EndGlobal
